
Microsoft Visual Studio Solution File, Format Version 12.00
# Visual Studio 15
VisualStudioVersion = 15.0.27428.2015
MinimumVisualStudioVersion = 10.0.40219.1
Project("{FAE04EC0-301F-11D3-BF4B-00C04F79EFBC}") = "XHealthWeb", "XHealthWeb\XHealthWeb.csproj", "{4F11E93E-6D8B-4A0C-81DC-99539422401F}"
EndProject
Global
	GlobalSection(SolutionConfigurationPlatforms) = preSolution
		Debug|Any CPU = Debug|Any CPU
		Release|Any CPU = Release|Any CPU
	EndGlobalSection
	GlobalSection(ProjectConfigurationPlatforms) = postSolution
		{4F11E93E-6D8B-4A0C-81DC-99539422401F}.Debug|Any CPU.ActiveCfg = Debug|Any CPU
		{4F11E93E-6D8B-4A0C-81DC-99539422401F}.Debug|Any CPU.Build.0 = Debug|Any CPU
		{4F11E93E-6D8B-4A0C-81DC-99539422401F}.Release|Any CPU.ActiveCfg = Release|Any CPU
		{4F11E93E-6D8B-4A0C-81DC-99539422401F}.Release|Any CPU.Build.0 = Release|Any CPU
	EndGlobalSection
	GlobalSection(SolutionProperties) = preSolution
		HideSolutionNode = FALSE
	EndGlobalSection
	GlobalSection(ExtensibilityGlobals) = postSolution
		SolutionGuid = {31E6296F-AB28-4F3E-8077-372E68B815DF}
	EndGlobalSection
EndGlobal
